// !$*UTF8*$!
{
	archiveVersion = 1;
	classes = {
	};
	objectVersion = 50;
	objects = {

/* Begin PBXBuildFile section */
		21A88098221A973D00CFD400 /* AppDelegate.swift in Sources */ = {isa = PBXBuildFile; fileRef = 21A88097221A973D00CFD400 /* AppDelegate.swift */; };
		21A8809A221A973D00CFD400 /* GameScene.sks in Resources */ = {isa = PBXBuildFile; fileRef = 21A88099221A973D00CFD400 /* GameScene.sks */; };
		21A8809C221A973D00CFD400 /* Actions.sks in Resources */ = {isa = PBXBuildFile; fileRef = 21A8809B221A973D00CFD400 /* Actions.sks */; };
		21A8809E221A973D00CFD400 /* GameScene.swift in Sources */ = {isa = PBXBuildFile; fileRef = 21A8809D221A973D00CFD400 /* GameScene.swift */; };
		21A880A0221A973D00CFD400 /* GameViewController.swift in Sources */ = {isa = PBXBuildFile; fileRef = 21A8809F221A973D00CFD400 /* GameViewController.swift */; };
		21A880A3221A973D00CFD400 /* Main.storyboard in Resources */ = {isa = PBXBuildFile; fileRef = 21A880A1221A973D00CFD400 /* Main.storyboard */; };
		21A880A5221A973F00CFD400 /* Assets.xcassets in Resources */ = {isa = PBXBuildFile; fileRef = 21A880A4221A973F00CFD400 /* Assets.xcassets */; };
		21A880A8221A973F00CFD400 /* LaunchScreen.storyboard in Resources */ = {isa = PBXBuildFile; fileRef = 21A880A6221A973F00CFD400 /* LaunchScreen.storyboard */; };
		21A880B3221A973F00CFD400 /* PlaygroundTests.swift in Sources */ = {isa = PBXBuildFile; fileRef = 21A880B2221A973F00CFD400 /* PlaygroundTests.swift */; };
		21A880BE221A973F00CFD400 /* PlaygroundUITests.swift in Sources */ = {isa = PBXBuildFile; fileRef = 21A880BD221A973F00CFD400 /* PlaygroundUITests.swift */; };
		21F9562A221E570500E784C6 /* CGFloat+Extensions.swift in Sources */ = {isa = PBXBuildFile; fileRef = 21F95629221E570500E784C6 /* CGFloat+Extensions.swift */; };
		21F9562F221E59B100E784C6 /* SteeringWheel.swift in Sources */ = {isa = PBXBuildFile; fileRef = 21F9562E221E59B100E784C6 /* SteeringWheel.swift */; };
		21F95632221E5F3100E784C6 /* Game.xcassets in Resources */ = {isa = PBXBuildFile; fileRef = 21F95631221E5F3100E784C6 /* Game.xcassets */; };
		21F95636221E8ACF00E784C6 /* Vehicle.swift in Sources */ = {isa = PBXBuildFile; fileRef = 21F95635221E8ACF00E784C6 /* Vehicle.swift */; };
/* End PBXBuildFile section */

/* Begin PBXContainerItemProxy section */
		21A880AF221A973F00CFD400 /* PBXContainerItemProxy */ = {
			isa = PBXContainerItemProxy;
			containerPortal = 21A8808C221A973D00CFD400 /* Project object */;
			proxyType = 1;
			remoteGlobalIDString = 21A88093221A973D00CFD400;
			remoteInfo = Playground;
		};
		21A880BA221A973F00CFD400 /* PBXContainerItemProxy */ = {
			isa = PBXContainerItemProxy;
			containerPortal = 21A8808C221A973D00CFD400 /* Project object */;
			proxyType = 1;
			remoteGlobalIDString = 21A88093221A973D00CFD400;
			remoteInfo = Playground;
		};
/* End PBXContainerItemProxy section */

/* Begin PBXFileReference section */
		21A88094221A973D00CFD400 /* Playground.app */ = {isa = PBXFileReference; explicitFileType = wrapper.application; includeInIndex = 0; path = Playground.app; sourceTree = BUILT_PRODUCTS_DIR; };
		21A88097221A973D00CFD400 /* AppDelegate.swift */ = {isa = PBXFileReference; lastKnownFileType = sourcecode.swift; path = AppDelegate.swift; sourceTree = "<group>"; };
		21A88099221A973D00CFD400 /* GameScene.sks */ = {isa = PBXFileReference; lastKnownFileType = file.sks; path = GameScene.sks; sourceTree = "<group>"; };
		21A8809B221A973D00CFD400 /* Actions.sks */ = {isa = PBXFileReference; lastKnownFileType = file.sks; path = Actions.sks; sourceTree = "<group>"; };
		21A8809D221A973D00CFD400 /* GameScene.swift */ = {isa = PBXFileReference; lastKnownFileType = sourcecode.swift; path = GameScene.swift; sourceTree = "<group>"; };
		21A8809F221A973D00CFD400 /* GameViewController.swift */ = {isa = PBXFileReference; lastKnownFileType = sourcecode.swift; path = GameViewController.swift; sourceTree = "<group>"; };
		21A880A2221A973D00CFD400 /* Base */ = {isa = PBXFileReference; lastKnownFileType = file.storyboard; name = Base; path = Base.lproj/Main.storyboard; sourceTree = "<group>"; };
		21A880A4221A973F00CFD400 /* Assets.xcassets */ = {isa = PBXFileReference; lastKnownFileType = folder.assetcatalog; path = Assets.xcassets; sourceTree = "<group>"; };
		21A880A7221A973F00CFD400 /* Base */ = {isa = PBXFileReference; lastKnownFileType = file.storyboard; name = Base; path = Base.lproj/LaunchScreen.storyboard; sourceTree = "<group>"; };
		21A880A9221A973F00CFD400 /* Info.plist */ = {isa = PBXFileReference; lastKnownFileType = text.plist.xml; path = Info.plist; sourceTree = "<group>"; };
		21A880AE221A973F00CFD400 /* PlaygroundTests.xctest */ = {isa = PBXFileReference; explicitFileType = wrapper.cfbundle; includeInIndex = 0; path = PlaygroundTests.xctest; sourceTree = BUILT_PRODUCTS_DIR; };
		21A880B2221A973F00CFD400 /* PlaygroundTests.swift */ = {isa = PBXFileReference; lastKnownFileType = sourcecode.swift; path = PlaygroundTests.swift; sourceTree = "<group>"; };
		21A880B4221A973F00CFD400 /* Info.plist */ = {isa = PBXFileReference; lastKnownFileType = text.plist.xml; path = Info.plist; sourceTree = "<group>"; };
		21A880B9221A973F00CFD400 /* PlaygroundUITests.xctest */ = {isa = PBXFileReference; explicitFileType = wrapper.cfbundle; includeInIndex = 0; path = PlaygroundUITests.xctest; sourceTree = BUILT_PRODUCTS_DIR; };
		21A880BD221A973F00CFD400 /* PlaygroundUITests.swift */ = {isa = PBXFileReference; lastKnownFileType = sourcecode.swift; path = PlaygroundUITests.swift; sourceTree = "<group>"; };
		21A880BF221A973F00CFD400 /* Info.plist */ = {isa = PBXFileReference; lastKnownFileType = text.plist.xml; path = Info.plist; sourceTree = "<group>"; };
		21F95629221E570500E784C6 /* CGFloat+Extensions.swift */ = {isa = PBXFileReference; fileEncoding = 4; lastKnownFileType = sourcecode.swift; path = "CGFloat+Extensions.swift"; sourceTree = "<group>"; };
		21F9562E221E59B100E784C6 /* SteeringWheel.swift */ = {isa = PBXFileReference; lastKnownFileType = sourcecode.swift; path = SteeringWheel.swift; sourceTree = "<group>"; };
		21F95631221E5F3100E784C6 /* Game.xcassets */ = {isa = PBXFileReference; lastKnownFileType = folder.assetcatalog; path = Game.xcassets; sourceTree = "<group>"; };
		21F95635221E8ACF00E784C6 /* Vehicle.swift */ = {isa = PBXFileReference; lastKnownFileType = sourcecode.swift; path = Vehicle.swift; sourceTree = "<group>"; };
/* End PBXFileReference section */

/* Begin PBXFrameworksBuildPhase section */
		21A88091221A973D00CFD400 /* Frameworks */ = {
			isa = PBXFrameworksBuildPhase;
			buildActionMask = 2147483647;
			files = (
			);
			runOnlyForDeploymentPostprocessing = 0;
		};
		21A880AB221A973F00CFD400 /* Frameworks */ = {
			isa = PBXFrameworksBuildPhase;
			buildActionMask = 2147483647;
			files = (
			);
			runOnlyForDeploymentPostprocessing = 0;
		};
		21A880B6221A973F00CFD400 /* Frameworks */ = {
			isa = PBXFrameworksBuildPhase;
			buildActionMask = 2147483647;
			files = (
			);
			runOnlyForDeploymentPostprocessing = 0;
		};
/* End PBXFrameworksBuildPhase section */

/* Begin PBXGroup section */
		21A8808B221A973D00CFD400 = {
			isa = PBXGroup;
			children = (
				21A88096221A973D00CFD400 /* Playground */,
				21A880B1221A973F00CFD400 /* PlaygroundTests */,
				21A880BC221A973F00CFD400 /* PlaygroundUITests */,
				21A88095221A973D00CFD400 /* Products */,
			);
			sourceTree = "<group>";
		};
		21A88095221A973D00CFD400 /* Products */ = {
			isa = PBXGroup;
			children = (
				21A88094221A973D00CFD400 /* Playground.app */,
				21A880AE221A973F00CFD400 /* PlaygroundTests.xctest */,
				21A880B9221A973F00CFD400 /* PlaygroundUITests.xctest */,
			);
			name = Products;
			sourceTree = "<group>";
		};
		21A88096221A973D00CFD400 /* Playground */ = {
			isa = PBXGroup;
			children = (
				21F95630221E5F1A00E784C6 /* Resources */,
				21F9562D221E592800E784C6 /* Objects */,
				21F9562C221E58FB00E784C6 /* SKActions */,
				21F95628221E569D00E784C6 /* SKScenes */,
				21F95625221E551C00E784C6 /* Utils */,
				21A8809F221A973D00CFD400 /* GameViewController.swift */,
				21F9562B221E573D00E784C6 /* Supporting Files */,
			);
			path = Playground;
			sourceTree = "<group>";
		};
		21A880B1221A973F00CFD400 /* PlaygroundTests */ = {
			isa = PBXGroup;
			children = (
				21A880B2221A973F00CFD400 /* PlaygroundTests.swift */,
				21A880B4221A973F00CFD400 /* Info.plist */,
			);
			path = PlaygroundTests;
			sourceTree = "<group>";
		};
		21A880BC221A973F00CFD400 /* PlaygroundUITests */ = {
			isa = PBXGroup;
			children = (
				21A880BD221A973F00CFD400 /* PlaygroundUITests.swift */,
				21A880BF221A973F00CFD400 /* Info.plist */,
			);
			path = PlaygroundUITests;
			sourceTree = "<group>";
		};
		21F95625221E551C00E784C6 /* Utils */ = {
			isa = PBXGroup;
			children = (
				21F95629221E570500E784C6 /* CGFloat+Extensions.swift */,
			);
			path = Utils;
			sourceTree = "<group>";
		};
		21F95628221E569D00E784C6 /* SKScenes */ = {
			isa = PBXGroup;
			children = (
				21A8809D221A973D00CFD400 /* GameScene.swift */,
				21A88099221A973D00CFD400 /* GameScene.sks */,
			);
			path = SKScenes;
			sourceTree = "<group>";
		};
		21F9562B221E573D00E784C6 /* Supporting Files */ = {
			isa = PBXGroup;
			children = (
				21A88097221A973D00CFD400 /* AppDelegate.swift */,
				21A880A1221A973D00CFD400 /* Main.storyboard */,
				21A880A4221A973F00CFD400 /* Assets.xcassets */,
				21A880A6221A973F00CFD400 /* LaunchScreen.storyboard */,
				21A880A9221A973F00CFD400 /* Info.plist */,
			);
			path = "Supporting Files";
			sourceTree = "<group>";
		};
		21F9562C221E58FB00E784C6 /* SKActions */ = {
			isa = PBXGroup;
			children = (
				21A8809B221A973D00CFD400 /* Actions.sks */,
			);
			path = SKActions;
			sourceTree = "<group>";
		};
		21F9562D221E592800E784C6 /* Objects */ = {
			isa = PBXGroup;
			children = (
				21F9562E221E59B100E784C6 /* SteeringWheel.swift */,
				21F95635221E8ACF00E784C6 /* Vehicle.swift */,
			);
			path = Objects;
			sourceTree = "<group>";
		};
		21F95630221E5F1A00E784C6 /* Resources */ = {
			isa = PBXGroup;
			children = (
				21F95631221E5F3100E784C6 /* Game.xcassets */,
			);
			path = Resources;
			sourceTree = "<group>";
		};
/* End PBXGroup section */

/* Begin PBXNativeTarget section */
		21A88093221A973D00CFD400 /* Playground */ = {
			isa = PBXNativeTarget;
			buildConfigurationList = 21A880C2221A973F00CFD400 /* Build configuration list for PBXNativeTarget "Playground" */;
			buildPhases = (
				21A88090221A973D00CFD400 /* Sources */,
				21A88091221A973D00CFD400 /* Frameworks */,
				21A88092221A973D00CFD400 /* Resources */,
			);
			buildRules = (
			);
			dependencies = (
			);
			name = Playground;
			productName = Playground;
			productReference = 21A88094221A973D00CFD400 /* Playground.app */;
			productType = "com.apple.product-type.application";
		};
		21A880AD221A973F00CFD400 /* PlaygroundTests */ = {
			isa = PBXNativeTarget;
			buildConfigurationList = 21A880C5221A973F00CFD400 /* Build configuration list for PBXNativeTarget "PlaygroundTests" */;
			buildPhases = (
				21A880AA221A973F00CFD400 /* Sources */,
				21A880AB221A973F00CFD400 /* Frameworks */,
				21A880AC221A973F00CFD400 /* Resources */,
			);
			buildRules = (
			);
			dependencies = (
				21A880B0221A973F00CFD400 /* PBXTargetDependency */,
			);
			name = PlaygroundTests;
			productName = PlaygroundTests;
			productReference = 21A880AE221A973F00CFD400 /* PlaygroundTests.xctest */;
			productType = "com.apple.product-type.bundle.unit-test";
		};
		21A880B8221A973F00CFD400 /* PlaygroundUITests */ = {
			isa = PBXNativeTarget;
			buildConfigurationList = 21A880C8221A973F00CFD400 /* Build configuration list for PBXNativeTarget "PlaygroundUITests" */;
			buildPhases = (
				21A880B5221A973F00CFD400 /* Sources */,
				21A880B6221A973F00CFD400 /* Frameworks */,
				21A880B7221A973F00CFD400 /* Resources */,
			);
			buildRules = (
			);
			dependencies = (
				21A880BB221A973F00CFD400 /* PBXTargetDependency */,
			);
			name = PlaygroundUITests;
			productName = PlaygroundUITests;
			productReference = 21A880B9221A973F00CFD400 /* PlaygroundUITests.xctest */;
			productType = "com.apple.product-type.bundle.ui-testing";
		};
/* End PBXNativeTarget section */

/* Begin PBXProject section */
		21A8808C221A973D00CFD400 /* Project object */ = {
			isa = PBXProject;
			attributes = {
				LastSwiftUpdateCheck = 1010;
				LastUpgradeCheck = 1010;
				ORGANIZATIONNAME = "Master Paulo";
				TargetAttributes = {
					21A88093221A973D00CFD400 = {
						CreatedOnToolsVersion = 10.1;
					};
					21A880AD221A973F00CFD400 = {
						CreatedOnToolsVersion = 10.1;
						TestTargetID = 21A88093221A973D00CFD400;
					};
					21A880B8221A973F00CFD400 = {
						CreatedOnToolsVersion = 10.1;
						TestTargetID = 21A88093221A973D00CFD400;
					};
				};
			};
			buildConfigurationList = 21A8808F221A973D00CFD400 /* Build configuration list for PBXProject "Playground" */;
			compatibilityVersion = "Xcode 9.3";
			developmentRegion = en;
			hasScannedForEncodings = 0;
			knownRegions = (
				en,
				Base,
			);
			mainGroup = 21A8808B221A973D00CFD400;
			productRefGroup = 21A88095221A973D00CFD400 /* Products */;
			projectDirPath = "";
			projectRoot = "";
			targets = (
				21A88093221A973D00CFD400 /* Playground */,
				21A880AD221A973F00CFD400 /* PlaygroundTests */,
				21A880B8221A973F00CFD400 /* PlaygroundUITests */,
			);
		};
/* End PBXProject section */

/* Begin PBXResourcesBuildPhase section */
		21A88092221A973D00CFD400 /* Resources */ = {
			isa = PBXResourcesBuildPhase;
			buildActionMask = 2147483647;
			files = (
				21A880A3221A973D00CFD400 /* Main.storyboard in Resources */,
				21A8809A221A973D00CFD400 /* GameScene.sks in Resources */,
				21A880A5221A973F00CFD400 /* Assets.xcassets in Resources */,
				21A880A8221A973F00CFD400 /* LaunchScreen.storyboard in Resources */,
				21A8809C221A973D00CFD400 /* Actions.sks in Resources */,
				21F95632221E5F3100E784C6 /* Game.xcassets in Resources */,
			);
			runOnlyForDeploymentPostprocessing = 0;
		};
		21A880AC221A973F00CFD400 /* Resources */ = {
			isa = PBXResourcesBuildPhase;
			buildActionMask = 2147483647;
			files = (
			);
			runOnlyForDeploymentPostprocessing = 0;
		};
		21A880B7221A973F00CFD400 /* Resources */ = {
			isa = PBXResourcesBuildPhase;
			buildActionMask = 2147483647;
			files = (
			);
			runOnlyForDeploymentPostprocessing = 0;
		};
/* End PBXResourcesBuildPhase section */

/* Begin PBXSourcesBuildPhase section */
		21A88090221A973D00CFD400 /* Sources */ = {
			isa = PBXSourcesBuildPhase;
			buildActionMask = 2147483647;
			files = (
				21F95636221E8ACF00E784C6 /* Vehicle.swift in Sources */,
				21A8809E221A973D00CFD400 /* GameScene.swift in Sources */,
				21A880A0221A973D00CFD400 /* GameViewController.swift in Sources */,
				21F9562A221E570500E784C6 /* CGFloat+Extensions.swift in Sources */,
				21A88098221A973D00CFD400 /* AppDelegate.swift in Sources */,
				21F9562F221E59B100E784C6 /* SteeringWheel.swift in Sources */,
			);
			runOnlyForDeploymentPostprocessing = 0;
		};
		21A880AA221A973F00CFD400 /* Sources */ = {
			isa = PBXSourcesBuildPhase;
			buildActionMask = 2147483647;
			files = (
				21A880B3221A973F00CFD400 /* PlaygroundTests.swift in Sources */,
			);
			runOnlyForDeploymentPostprocessing = 0;
		};
		21A880B5221A973F00CFD400 /* Sources */ = {
			isa = PBXSourcesBuildPhase;
			buildActionMask = 2147483647;
			files = (
				21A880BE221A973F00CFD400 /* PlaygroundUITests.swift in Sources */,
			);
			runOnlyForDeploymentPostprocessing = 0;
		};
/* End PBXSourcesBuildPhase section */

/* Begin PBXTargetDependency section */
		21A880B0221A973F00CFD400 /* PBXTargetDependency */ = {
			isa = PBXTargetDependency;
			target = 21A88093221A973D00CFD400 /* Playground */;
			targetProxy = 21A880AF221A973F00CFD400 /* PBXContainerItemProxy */;
		};
		21A880BB221A973F00CFD400 /* PBXTargetDependency */ = {
			isa = PBXTargetDependency;
			target = 21A88093221A973D00CFD400 /* Playground */;
			targetProxy = 21A880BA221A973F00CFD400 /* PBXContainerItemProxy */;
		};
/* End PBXTargetDependency section */

/* Begin PBXVariantGroup section */
		21A880A1221A973D00CFD400 /* Main.storyboard */ = {
			isa = PBXVariantGroup;
			children = (
				21A880A2221A973D00CFD400 /* Base */,
			);
			name = Main.storyboard;
			sourceTree = "<group>";
		};
		21A880A6221A973F00CFD400 /* LaunchScreen.storyboard */ = {
			isa = PBXVariantGroup;
			children = (
				21A880A7221A973F00CFD400 /* Base */,
			);
			name = LaunchScreen.storyboard;
			sourceTree = "<group>";
		};
/* End PBXVariantGroup section */

/* Begin XCBuildConfiguration section */
		21A880C0221A973F00CFD400 /* Debug */ = {
			isa = XCBuildConfiguration;
			buildSettings = {
				ALWAYS_SEARCH_USER_PATHS = NO;
				CLANG_ANALYZER_NONNULL = YES;
				CLANG_ANALYZER_NUMBER_OBJECT_CONVERSION = YES_AGGRESSIVE;
				CLANG_CXX_LANGUAGE_STANDARD = "gnu++14";
				CLANG_CXX_LIBRARY = "libc++";
				CLANG_ENABLE_MODULES = YES;
				CLANG_ENABLE_OBJC_ARC = YES;
				CLANG_ENABLE_OBJC_WEAK = YES;
				CLANG_WARN_BLOCK_CAPTURE_AUTORELEASING = YES;
				CLANG_WARN_BOOL_CONVERSION = YES;
				CLANG_WARN_COMMA = YES;
				CLANG_WARN_CONSTANT_CONVERSION = YES;
				CLANG_WARN_DEPRECATED_OBJC_IMPLEMENTATIONS = YES;
				CLANG_WARN_DIRECT_OBJC_ISA_USAGE = YES_ERROR;
				CLANG_WARN_DOCUMENTATION_COMMENTS = YES;
				CLANG_WARN_EMPTY_BODY = YES;
				CLANG_WARN_ENUM_CONVERSION = YES;
				CLANG_WARN_INFINITE_RECURSION = YES;
				CLANG_WARN_INT_CONVERSION = YES;
				CLANG_WARN_NON_LITERAL_NULL_CONVERSION = YES;
				CLANG_WARN_OBJC_IMPLICIT_RETAIN_SELF = YES;
				CLANG_WARN_OBJC_LITERAL_CONVERSION = YES;
				CLANG_WARN_OBJC_ROOT_CLASS = YES_ERROR;
				CLANG_WARN_RANGE_LOOP_ANALYSIS = YES;
				CLANG_WARN_STRICT_PROTOTYPES = YES;
				CLANG_WARN_SUSPICIOUS_MOVE = YES;
				CLANG_WARN_UNGUARDED_AVAILABILITY = YES_AGGRESSIVE;
				CLANG_WARN_UNREACHABLE_CODE = YES;
				CLANG_WARN__DUPLICATE_METHOD_MATCH = YES;
				CODE_SIGN_IDENTITY = "iPhone Developer";
				COPY_PHASE_STRIP = NO;
				DEBUG_INFORMATION_FORMAT = dwarf;
				ENABLE_STRICT_OBJC_MSGSEND = YES;
				ENABLE_TESTABILITY = YES;
				GCC_C_LANGUAGE_STANDARD = gnu11;
				GCC_DYNAMIC_NO_PIC = NO;
				GCC_NO_COMMON_BLOCKS = YES;
				GCC_OPTIMIZATION_LEVEL = 0;
				GCC_PREPROCESSOR_DEFINITIONS = (
					"DEBUG=1",
					"$(inherited)",
				);
				GCC_WARN_64_TO_32_BIT_CONVERSION = YES;
				GCC_WARN_ABOUT_RETURN_TYPE = YES_ERROR;
				GCC_WARN_UNDECLARED_SELECTOR = YES;
				GCC_WARN_UNINITIALIZED_AUTOS = YES_AGGRESSIVE;
				GCC_WARN_UNUSED_FUNCTION = YES;
				GCC_WARN_UNUSED_VARIABLE = YES;
				IPHONEOS_DEPLOYMENT_TARGET = 12.1;
				MTL_ENABLE_DEBUG_INFO = INCLUDE_SOURCE;
				MTL_FAST_MATH = YES;
				ONLY_ACTIVE_ARCH = YES;
				SDKROOT = iphoneos;
				SWIFT_ACTIVE_COMPILATION_CONDITIONS = DEBUG;
				SWIFT_OPTIMIZATION_LEVEL = "-Onone";
			};
			name = Debug;
		};
		21A880C1221A973F00CFD400 /* Release */ = {
			isa = XCBuildConfiguration;
			buildSettings = {
				ALWAYS_SEARCH_USER_PATHS = NO;
				CLANG_ANALYZER_NONNULL = YES;
				CLANG_ANALYZER_NUMBER_OBJECT_CONVERSION = YES_AGGRESSIVE;
				CLANG_CXX_LANGUAGE_STANDARD = "gnu++14";
				CLANG_CXX_LIBRARY = "libc++";
				CLANG_ENABLE_MODULES = YES;
				CLANG_ENABLE_OBJC_ARC = YES;
				CLANG_ENABLE_OBJC_WEAK = YES;
				CLANG_WARN_BLOCK_CAPTURE_AUTORELEASING = YES;
				CLANG_WARN_BOOL_CONVERSION = YES;
				CLANG_WARN_COMMA = YES;
				CLANG_WARN_CONSTANT_CONVERSION = YES;
				CLANG_WARN_DEPRECATED_OBJC_IMPLEMENTATIONS = YES;
				CLANG_WARN_DIRECT_OBJC_ISA_USAGE = YES_ERROR;
				CLANG_WARN_DOCUMENTATION_COMMENTS = YES;
				CLANG_WARN_EMPTY_BODY = YES;
				CLANG_WARN_ENUM_CONVERSION = YES;
				CLANG_WARN_INFINITE_RECURSION = YES;
				CLANG_WARN_INT_CONVERSION = YES;
				CLANG_WARN_NON_LITERAL_NULL_CONVERSION = YES;
				CLANG_WARN_OBJC_IMPLICIT_RETAIN_SELF = YES;
				CLANG_WARN_OBJC_LITERAL_CONVERSION = YES;
				CLANG_WARN_OBJC_ROOT_CLASS = YES_ERROR;
				CLANG_WARN_RANGE_LOOP_ANALYSIS = YES;
				CLANG_WARN_STRICT_PROTOTYPES = YES;
				CLANG_WARN_SUSPICIOUS_MOVE = YES;
				CLANG_WARN_UNGUARDED_AVAILABILITY = YES_AGGRESSIVE;
				CLANG_WARN_UNREACHABLE_CODE = YES;
				CLANG_WARN__DUPLICATE_METHOD_MATCH = YES;
				CODE_SIGN_IDENTITY = "iPhone Developer";
				COPY_PHASE_STRIP = NO;
				DEBUG_INFORMATION_FORMAT = "dwarf-with-dsym";
				ENABLE_NS_ASSERTIONS = NO;
				ENABLE_STRICT_OBJC_MSGSEND = YES;
				GCC_C_LANGUAGE_STANDARD = gnu11;
				GCC_NO_COMMON_BLOCKS = YES;
				GCC_WARN_64_TO_32_BIT_CONVERSION = YES;
				GCC_WARN_ABOUT_RETURN_TYPE = YES_ERROR;
				GCC_WARN_UNDECLARED_SELECTOR = YES;
				GCC_WARN_UNINITIALIZED_AUTOS = YES_AGGRESSIVE;
				GCC_WARN_UNUSED_FUNCTION = YES;
				GCC_WARN_UNUSED_VARIABLE = YES;
				IPHONEOS_DEPLOYMENT_TARGET = 12.1;
				MTL_ENABLE_DEBUG_INFO = NO;
				MTL_FAST_MATH = YES;
				SDKROOT = iphoneos;
				SWIFT_COMPILATION_MODE = wholemodule;
				SWIFT_OPTIMIZATION_LEVEL = "-O";
				VALIDATE_PRODUCT = YES;
			};
			name = Release;
		};
		21A880C3221A973F00CFD400 /* Debug */ = {
			isa = XCBuildConfiguration;
			buildSettings = {
				ASSETCATALOG_COMPILER_APPICON_NAME = AppIcon;
				CODE_SIGN_STYLE = Automatic;
				DEVELOPMENT_TEAM = A38A2SP759;
				INFOPLIST_FILE = "$(SRCROOT)/Playground/Supporting Files/Info.plist";
				IPHONEOS_DEPLOYMENT_TARGET = 9.0;
				LD_RUNPATH_SEARCH_PATHS = (
					"$(inherited)",
					"@executable_path/Frameworks",
				);
				PRODUCT_BUNDLE_IDENTIFIER = com.masterpaulo.Playground;
				PRODUCT_NAME = "$(TARGET_NAME)";
				SWIFT_VERSION = 4.2;
				TARGETED_DEVICE_FAMILY = "1,2";
			};
			name = Debug;
		};
		21A880C4221A973F00CFD400 /* Release */ = {
			isa = XCBuildConfiguration;
			buildSettings = {
				ASSETCATALOG_COMPILER_APPICON_NAME = AppIcon;
				CODE_SIGN_STYLE = Automatic;
				DEVELOPMENT_TEAM = A38A2SP759;
				INFOPLIST_FILE = "$(SRCROOT)/Playground/Supporting Files/Info.plist";
				IPHONEOS_DEPLOYMENT_TARGET = 9.0;
				LD_RUNPATH_SEARCH_PATHS = (
					"$(inherited)",
					"@executable_path/Frameworks",
				);
				PRODUCT_BUNDLE_IDENTIFIER = com.masterpaulo.Playground;
				PRODUCT_NAME = "$(TARGET_NAME)";
				SWIFT_VERSION = 4.2;
				TARGETED_DEVICE_FAMILY = "1,2";
			};
			name = Release;
		};
		21A880C6221A973F00CFD400 /* Debug */ = {
			isa = XCBuildConfiguration;
			buildSettings = {
				ALWAYS_EMBED_SWIFT_STANDARD_LIBRARIES = YES;
				BUNDLE_LOADER = "$(TEST_HOST)";
				CODE_SIGN_STYLE = Automatic;
				DEVELOPMENT_TEAM = A38A2SP759;
				INFOPLIST_FILE = PlaygroundTests/Info.plist;
				LD_RUNPATH_SEARCH_PATHS = (
					"$(inherited)",
					"@executable_path/Frameworks",
					"@loader_path/Frameworks",
				);
				PRODUCT_BUNDLE_IDENTIFIER = com.masterpaulo.PlaygroundTests;
				PRODUCT_NAME = "$(TARGET_NAME)";
				SWIFT_VERSION = 4.2;
				TARGETED_DEVICE_FAMILY = "1,2";
				TEST_HOST = "$(BUILT_PRODUCTS_DIR)/Playground.app/Playground";
			};
			name = Debug;
		};
		21A880C7221A973F00CFD400 /* Release */ = {
			isa = XCBuildConfiguration;
			buildSettings = {
				ALWAYS_EMBED_SWIFT_STANDARD_LIBRARIES = YES;
				BUNDLE_LOADER = "$(TEST_HOST)";
				CODE_SIGN_STYLE = Automatic;
				DEVELOPMENT_TEAM = A38A2SP759;
				INFOPLIST_FILE = PlaygroundTests/Info.plist;
				LD_RUNPATH_SEARCH_PATHS = (
					"$(inherited)",
					"@executable_path/Frameworks",
					"@loader_path/Frameworks",
				);
				PRODUCT_BUNDLE_IDENTIFIER = com.masterpaulo.PlaygroundTests;
				PRODUCT_NAME = "$(TARGET_NAME)";
				SWIFT_VERSION = 4.2;
				TARGETED_DEVICE_FAMILY = "1,2";
				TEST_HOST = "$(BUILT_PRODUCTS_DIR)/Playground.app/Playground";
			};
			name = Release;
		};
		21A880C9221A973F00CFD400 /* Debug */ = {
			isa = XCBuildConfiguration;
			buildSettings = {
				ALWAYS_EMBED_SWIFT_STANDARD_LIBRARIES = YES;
				CODE_SIGN_STYLE = Automatic;
				DEVELOPMENT_TEAM = A38A2SP759;
				INFOPLIST_FILE = PlaygroundUITests/Info.plist;
				LD_RUNPATH_SEARCH_PATHS = (
					"$(inherited)",
					"@executable_path/Frameworks",
					"@loader_path/Frameworks",
				);
				PRODUCT_BUNDLE_IDENTIFIER = com.masterpaulo.PlaygroundUITests;
				PRODUCT_NAME = "$(TARGET_NAME)";
				SWIFT_VERSION = 4.2;
				TARGETED_DEVICE_FAMILY = "1,2";
				TEST_TARGET_NAME = Playground;
			};
			name = Debug;
		};
		21A880CA221A973F00CFD400 /* Release */ = {
			isa = XCBuildConfiguration;
			buildSettings = {
				ALWAYS_EMBED_SWIFT_STANDARD_LIBRARIES = YES;
				CODE_SIGN_STYLE = Automatic;
				DEVELOPMENT_TEAM = A38A2SP759;
				INFOPLIST_FILE = PlaygroundUITests/Info.plist;
				LD_RUNPATH_SEARCH_PATHS = (
					"$(inherited)",
					"@executable_path/Frameworks",
					"@loader_path/Frameworks",
				);
				PRODUCT_BUNDLE_IDENTIFIER = com.masterpaulo.PlaygroundUITests;
				PRODUCT_NAME = "$(TARGET_NAME)";
				SWIFT_VERSION = 4.2;
				TARGETED_DEVICE_FAMILY = "1,2";
				TEST_TARGET_NAME = Playground;
			};
			name = Release;
		};
/* End XCBuildConfiguration section */

/* Begin XCConfigurationList section */
		21A8808F221A973D00CFD400 /* Build configuration list for PBXProject "Playground" */ = {
			isa = XCConfigurationList;
			buildConfigurations = (
				21A880C0221A973F00CFD400 /* Debug */,
				21A880C1221A973F00CFD400 /* Release */,
			);
			defaultConfigurationIsVisible = 0;
			defaultConfigurationName = Release;
		};
		21A880C2221A973F00CFD400 /* Build configuration list for PBXNativeTarget "Playground" */ = {
			isa = XCConfigurationList;
			buildConfigurations = (
				21A880C3221A973F00CFD400 /* Debug */,
				21A880C4221A973F00CFD400 /* Release */,
			);
			defaultConfigurationIsVisible = 0;
			defaultConfigurationName = Release;
		};
		21A880C5221A973F00CFD400 /* Build configuration list for PBXNativeTarget "PlaygroundTests" */ = {
			isa = XCConfigurationList;
			buildConfigurations = (
				21A880C6221A973F00CFD400 /* Debug */,
				21A880C7221A973F00CFD400 /* Release */,
			);
			defaultConfigurationIsVisible = 0;
			defaultConfigurationName = Release;
		};
		21A880C8221A973F00CFD400 /* Build configuration list for PBXNativeTarget "PlaygroundUITests" */ = {
			isa = XCConfigurationList;
			buildConfigurations = (
				21A880C9221A973F00CFD400 /* Debug */,
				21A880CA221A973F00CFD400 /* Release */,
			);
			defaultConfigurationIsVisible = 0;
			defaultConfigurationName = Release;
		};
/* End XCConfigurationList section */
	};
	rootObject = 21A8808C221A973D00CFD400 /* Project object */;
}
